
Microsoft Visual Studio Solution File, Format Version 12.00
# Visual Studio Version 17
VisualStudioVersion = 17.3.32901.215
MinimumVisualStudioVersion = 10.0.40219.1
Project("{FAE04EC0-301F-11D3-BF4B-00C04F79EFBC}") = "songifygateway", "songifygateway\songifygateway.csproj", "{643120E4-2449-475F-B4CF-0C00ADEE11DB}"
EndProject
Global
	GlobalSection(SolutionConfigurationPlatforms) = preSolution
		Debug|Any CPU = Debug|Any CPU
		Release|Any CPU = Release|Any CPU
	EndGlobalSection
	GlobalSection(ProjectConfigurationPlatforms) = postSolution
		{643120E4-2449-475F-B4CF-0C00ADEE11DB}.Debug|Any CPU.ActiveCfg = Debug|Any CPU
		{643120E4-2449-475F-B4CF-0C00ADEE11DB}.Debug|Any CPU.Build.0 = Debug|Any CPU
		{643120E4-2449-475F-B4CF-0C00ADEE11DB}.Release|Any CPU.ActiveCfg = Release|Any CPU
		{643120E4-2449-475F-B4CF-0C00ADEE11DB}.Release|Any CPU.Build.0 = Release|Any CPU
	EndGlobalSection
	GlobalSection(SolutionProperties) = preSolution
		HideSolutionNode = FALSE
	EndGlobalSection
	GlobalSection(ExtensibilityGlobals) = postSolution
		SolutionGuid = {710FD7F1-7A22-4DFF-BDD1-2C9EF3CE6A53}
	EndGlobalSection
EndGlobal
